<?xml version="1.0" encoding="utf-8"?>
<Project xmlns="http://schemas.microsoft.com/developer/msbuild/2003">
  <ItemGroup>
    <Filter Include="Generated Files">
      <UniqueIdentifier>{71ED8ED8-ACB9-4CE9-BBE1-E00B30144E11}</UniqueIdentifier>
      <Extensions>cpp;c;cxx;moc;h;def;odl;idl;res;</Extensions>
    </Filter>
    <Filter Include="Generated Files">
      <UniqueIdentifier>{71ED8ED8-ACB9-4CE9-BBE1-E00B30144E11}</UniqueIdentifier>
      <Extensions>cpp;c;cxx;moc;h;def;odl;idl;res;</Extensions>
    </Filter>
    <Filter Include="Header Files">
      <UniqueIdentifier>{93995380-89BD-4b04-88EB-625FBE52EBFB}</UniqueIdentifier>
      <Extensions>h;hpp;hxx;hm;inl;inc;xsd</Extensions>
    </Filter>
    <Filter Include="Header Files">
      <UniqueIdentifier>{93995380-89BD-4b04-88EB-625FBE52EBFB}</UniqueIdentifier>
      <Extensions>h;hpp;hxx;hm;inl;inc;xsd</Extensions>
    </Filter>
    <Filter Include="Source Files">
      <UniqueIdentifier>{4FC737F1-C7A5-4376-A066-2A32D752A2FF}</UniqueIdentifier>
      <Extensions>cpp;c;cxx;def;odl;idl;hpj;bat;asm;asmx</Extensions>
    </Filter>
    <Filter Include="Source Files">
      <UniqueIdentifier>{4FC737F1-C7A5-4376-A066-2A32D752A2FF}</UniqueIdentifier>
      <Extensions>cpp;c;cxx;def;odl;idl;hpj;bat;asm;asmx</Extensions>
    </Filter>
    <Filter Include="Source Files\src">
      <UniqueIdentifier>{3299c276-7cbd-41d7-9cbf-f7162b17a0e3}</UniqueIdentifier>
    </Filter>
  </ItemGroup>
  <ItemGroup>
    <ClCompile Include="main.cpp">
      <Filter>Source Files</Filter>
    </ClCompile>
    <ClCompile Include="..\blend2d\blend2d\asmjit\src\asmjit\core\arch.cpp">
      <Filter>Source Files\src</Filter>
    </ClCompile>
    <ClCompile Include="..\blend2d\blend2d\asmjit\src\asmjit\core\assembler.cpp">
      <Filter>Source Files\src</Filter>
    </ClCompile>
    <ClCompile Include="..\blend2d\blend2d\asmjit\src\asmjit\core\builder.cpp">
      <Filter>Source Files\src</Filter>
    </ClCompile>
    <ClCompile Include="..\blend2d\blend2d\asmjit\src\asmjit\core\callconv.cpp">
      <Filter>Source Files\src</Filter>
    </ClCompile>
    <ClCompile Include="..\blend2d\blend2d\asmjit\src\asmjit\core\codeholder.cpp">
      <Filter>Source Files\src</Filter>
    </ClCompile>
    <ClCompile Include="..\blend2d\blend2d\asmjit\src\asmjit\core\compiler.cpp">
      <Filter>Source Files\src</Filter>
    </ClCompile>
    <ClCompile Include="..\blend2d\blend2d\asmjit\src\asmjit\core\constpool.cpp">
      <Filter>Source Files\src</Filter>
    </ClCompile>
    <ClCompile Include="..\blend2d\blend2d\asmjit\src\asmjit\core\cpuinfo.cpp">
      <Filter>Source Files\src</Filter>
    </ClCompile>
    <ClCompile Include="..\blend2d\blend2d\asmjit\src\asmjit\core\emitter.cpp">
      <Filter>Source Files\src</Filter>
    </ClCompile>
    <ClCompile Include="..\blend2d\blend2d\asmjit\src\asmjit\core\func.cpp">
      <Filter>Source Files\src</Filter>
    </ClCompile>
    <ClCompile Include="..\blend2d\blend2d\asmjit\src\asmjit\core\globals.cpp">
      <Filter>Source Files\src</Filter>
    </ClCompile>
    <ClCompile Include="..\blend2d\blend2d\asmjit\src\asmjit\core\inst.cpp">
      <Filter>Source Files\src</Filter>
    </ClCompile>
    <ClCompile Include="..\blend2d\blend2d\asmjit\src\asmjit\core\jitallocator.cpp">
      <Filter>Source Files\src</Filter>
    </ClCompile>
    <ClCompile Include="..\blend2d\blend2d\asmjit\src\asmjit\core\jitruntime.cpp">
      <Filter>Source Files\src</Filter>
    </ClCompile>
    <ClCompile Include="..\blend2d\blend2d\asmjit\src\asmjit\core\logging.cpp">
      <Filter>Source Files\src</Filter>
    </ClCompile>
    <ClCompile Include="..\blend2d\blend2d\asmjit\src\asmjit\core\operand.cpp">
      <Filter>Source Files\src</Filter>
    </ClCompile>
    <ClCompile Include="..\blend2d\blend2d\asmjit\src\asmjit\core\osutils.cpp">
      <Filter>Source Files\src</Filter>
    </ClCompile>
    <ClCompile Include="..\blend2d\blend2d\asmjit\src\asmjit\core\ralocal.cpp">
      <Filter>Source Files\src</Filter>
    </ClCompile>
    <ClCompile Include="..\blend2d\blend2d\asmjit\src\asmjit\core\rapass.cpp">
      <Filter>Source Files\src</Filter>
    </ClCompile>
    <ClCompile Include="..\blend2d\blend2d\asmjit\src\asmjit\core\rastack.cpp">
      <Filter>Source Files\src</Filter>
    </ClCompile>
    <ClCompile Include="..\blend2d\blend2d\asmjit\src\asmjit\core\string.cpp">
      <Filter>Source Files\src</Filter>
    </ClCompile>
    <ClCompile Include="..\blend2d\blend2d\asmjit\src\asmjit\core\support.cpp">
      <Filter>Source Files\src</Filter>
    </ClCompile>
    <ClCompile Include="..\blend2d\blend2d\asmjit\src\asmjit\core\target.cpp">
      <Filter>Source Files\src</Filter>
    </ClCompile>
    <ClCompile Include="..\blend2d\blend2d\asmjit\src\asmjit\core\type.cpp">
      <Filter>Source Files\src</Filter>
    </ClCompile>
    <ClCompile Include="..\blend2d\blend2d\asmjit\src\asmjit\core\virtmem.cpp">
      <Filter>Source Files\src</Filter>
    </ClCompile>
    <ClCompile Include="..\blend2d\blend2d\asmjit\src\asmjit\core\zone.cpp">
      <Filter>Source Files\src</Filter>
    </ClCompile>
    <ClCompile Include="..\blend2d\blend2d\asmjit\src\asmjit\core\zonehash.cpp">
      <Filter>Source Files\src</Filter>
    </ClCompile>
    <ClCompile Include="..\blend2d\blend2d\asmjit\src\asmjit\core\zonelist.cpp">
      <Filter>Source Files\src</Filter>
    </ClCompile>
    <ClCompile Include="..\blend2d\blend2d\asmjit\src\asmjit\core\zonestack.cpp">
      <Filter>Source Files\src</Filter>
    </ClCompile>
    <ClCompile Include="..\blend2d\blend2d\asmjit\src\asmjit\core\zonetree.cpp">
      <Filter>Source Files\src</Filter>
    </ClCompile>
    <ClCompile Include="..\blend2d\blend2d\asmjit\src\asmjit\core\zonevector.cpp">
      <Filter>Source Files\src</Filter>
    </ClCompile>
    <ClCompile Include="..\blend2d\blend2d\asmjit\src\asmjit\x86\x86assembler.cpp">
      <Filter>Source Files\src</Filter>
    </ClCompile>
    <ClCompile Include="..\blend2d\blend2d\asmjit\src\asmjit\x86\x86builder.cpp">
      <Filter>Source Files\src</Filter>
    </ClCompile>
    <ClCompile Include="..\blend2d\blend2d\asmjit\src\asmjit\x86\x86callconv.cpp">
      <Filter>Source Files\src</Filter>
    </ClCompile>
    <ClCompile Include="..\blend2d\blend2d\asmjit\src\asmjit\x86\x86compiler.cpp">
      <Filter>Source Files\src</Filter>
    </ClCompile>
    <ClCompile Include="..\blend2d\blend2d\asmjit\src\asmjit\x86\x86features.cpp">
      <Filter>Source Files\src</Filter>
    </ClCompile>
    <ClCompile Include="..\blend2d\blend2d\asmjit\src\asmjit\x86\x86instapi.cpp">
      <Filter>Source Files\src</Filter>
    </ClCompile>
    <ClCompile Include="..\blend2d\blend2d\asmjit\src\asmjit\x86\x86instdb.cpp">
      <Filter>Source Files\src</Filter>
    </ClCompile>
    <ClCompile Include="..\blend2d\blend2d\asmjit\src\asmjit\x86\x86internal.cpp">
      <Filter>Source Files\src</Filter>
    </ClCompile>
    <ClCompile Include="..\blend2d\blend2d\asmjit\src\asmjit\x86\x86logging.cpp">
      <Filter>Source Files\src</Filter>
    </ClCompile>
    <ClCompile Include="..\blend2d\blend2d\asmjit\src\asmjit\x86\x86operand.cpp">
      <Filter>Source Files\src</Filter>
    </ClCompile>
    <ClCompile Include="..\blend2d\blend2d\asmjit\src\asmjit\x86\x86rapass.cpp">
      <Filter>Source Files\src</Filter>
    </ClCompile>
    <ClCompile Include="..\blend2d\blend2d\src\blend2d\api-nocxx.cpp">
      <Filter>Source Files\src</Filter>
    </ClCompile>
    <ClCompile Include="..\blend2d\blend2d\src\blend2d\array.cpp">
      <Filter>Source Files\src</Filter>
    </ClCompile>
    <ClCompile Include="..\blend2d\blend2d\src\blend2d\arrayops.cpp">
      <Filter>Source Files\src</Filter>
    </ClCompile>
    <ClCompile Include="..\blend2d\blend2d\src\blend2d\bitarray.cpp">
      <Filter>Source Files\src</Filter>
    </ClCompile>
    <ClCompile Include="..\blend2d\blend2d\src\blend2d\bitops.cpp">
      <Filter>Source Files\src</Filter>
    </ClCompile>
    <ClCompile Include="..\blend2d\blend2d\src\blend2d\compop.cpp">
      <Filter>Source Files\src</Filter>
    </ClCompile>
    <ClCompile Include="..\blend2d\blend2d\src\blend2d\context.cpp">
      <Filter>Source Files\src</Filter>
    </ClCompile>
    <ClCompile Include="..\blend2d\blend2d\src\blend2d\filesystem.cpp">
      <Filter>Source Files\src</Filter>
    </ClCompile>
    <ClCompile Include="..\blend2d\blend2d\src\blend2d\font.cpp">
      <Filter>Source Files\src</Filter>
    </ClCompile>
    <ClCompile Include="..\blend2d\blend2d\src\blend2d\fontmanager.cpp">
      <Filter>Source Files\src</Filter>
    </ClCompile>
    <ClCompile Include="..\blend2d\blend2d\src\blend2d\format.cpp">
      <Filter>Source Files\src</Filter>
    </ClCompile>
    <ClCompile Include="..\blend2d\blend2d\src\blend2d\geometry.cpp">
      <Filter>Source Files\src</Filter>
    </ClCompile>
    <ClCompile Include="..\blend2d\blend2d\src\blend2d\glyphbuffer.cpp">
      <Filter>Source Files\src</Filter>
    </ClCompile>
    <ClCompile Include="..\blend2d\blend2d\src\blend2d\gradient.cpp">
      <Filter>Source Files\src</Filter>
    </ClCompile>
    <ClCompile Include="..\blend2d\blend2d\src\blend2d\image.cpp">
      <Filter>Source Files\src</Filter>
    </ClCompile>
    <ClCompile Include="..\blend2d\blend2d\src\blend2d\imagecodec.cpp">
      <Filter>Source Files\src</Filter>
    </ClCompile>
    <ClCompile Include="..\blend2d\blend2d\src\blend2d\imagescale.cpp">
      <Filter>Source Files\src</Filter>
    </ClCompile>
    <ClCompile Include="..\blend2d\blend2d\src\blend2d\math.cpp">
      <Filter>Source Files\src</Filter>
    </ClCompile>
    <ClCompile Include="..\blend2d\blend2d\src\blend2d\matrix.cpp">
      <Filter>Source Files\src</Filter>
    </ClCompile>
    <ClCompile Include="..\blend2d\blend2d\src\blend2d\path.cpp">
      <Filter>Source Files\src</Filter>
    </ClCompile>
    <ClCompile Include="..\blend2d\blend2d\src\blend2d\pathstroke.cpp">
      <Filter>Source Files\src</Filter>
    </ClCompile>
    <ClCompile Include="..\blend2d\blend2d\src\blend2d\pattern.cpp">
      <Filter>Source Files\src</Filter>
    </ClCompile>
    <ClCompile Include="..\blend2d\blend2d\src\blend2d\pipedefs.cpp">
      <Filter>Source Files\src</Filter>
    </ClCompile>
    <ClCompile Include="..\blend2d\blend2d\src\blend2d\piperuntime.cpp">
      <Filter>Source Files\src</Filter>
    </ClCompile>
    <ClCompile Include="..\blend2d\blend2d\src\blend2d\pixelconverter.cpp">
      <Filter>Source Files\src</Filter>
    </ClCompile>
    <ClCompile Include="..\blend2d\blend2d\src\blend2d\pixelops.cpp">
      <Filter>Source Files\src</Filter>
    </ClCompile>
    <ClCompile Include="..\blend2d\blend2d\src\blend2d\random.cpp">
      <Filter>Source Files\src</Filter>
    </ClCompile>
    <ClCompile Include="..\blend2d\blend2d\src\blend2d\region.cpp">
      <Filter>Source Files\src</Filter>
    </ClCompile>
    <ClCompile Include="..\blend2d\blend2d\src\blend2d\rgba.cpp">
      <Filter>Source Files\src</Filter>
    </ClCompile>
    <ClCompile Include="..\blend2d\blend2d\src\blend2d\runtime.cpp">
      <Filter>Source Files\src</Filter>
    </ClCompile>
    <ClCompile Include="..\blend2d\blend2d\src\blend2d\scopedallocator.cpp">
      <Filter>Source Files\src</Filter>
    </ClCompile>
    <ClCompile Include="..\blend2d\blend2d\src\blend2d\tables.cpp">
      <Filter>Source Files\src</Filter>
    </ClCompile>
    <ClCompile Include="..\blend2d\blend2d\src\blend2d\trace.cpp">
      <Filter>Source Files\src</Filter>
    </ClCompile>
    <ClCompile Include="..\blend2d\blend2d\src\blend2d\unicode.cpp">
      <Filter>Source Files\src</Filter>
    </ClCompile>
    <ClCompile Include="..\blend2d\blend2d\src\blend2d\variant.cpp">
      <Filter>Source Files\src</Filter>
    </ClCompile>
    <ClCompile Include="..\blend2d\blend2d\src\blend2d\zeroallocator.cpp">
      <Filter>Source Files\src</Filter>
    </ClCompile>
    <ClCompile Include="..\blend2d\blend2d\src\blend2d\zoneallocator.cpp">
      <Filter>Source Files\src</Filter>
    </ClCompile>
    <ClCompile Include="..\blend2d\blend2d\src\blend2d\threading\thread.cpp">
      <Filter>Source Files\src</Filter>
    </ClCompile>
    <ClCompile Include="..\blend2d\blend2d\src\blend2d\threading\threadpool.cpp">
      <Filter>Source Files\src</Filter>
    </ClCompile>
    <ClCompile Include="..\blend2d\blend2d\src\blend2d\raster\rastercontext.cpp">
      <Filter>Source Files\src</Filter>
    </ClCompile>
    <ClCompile Include="..\blend2d\blend2d\src\blend2d\raster\rasterfiller.cpp">
      <Filter>Source Files\src</Filter>
    </ClCompile>
    <ClCompile Include="..\blend2d\blend2d\src\blend2d\raster\rasterworkercontext.cpp">
      <Filter>Source Files\src</Filter>
    </ClCompile>
    <ClCompile Include="..\blend2d\blend2d\src\blend2d\raster\rasterworkermanager.cpp">
      <Filter>Source Files\src</Filter>
    </ClCompile>
    <ClCompile Include="..\blend2d\blend2d\src\blend2d\pipegen\compoppart.cpp">
      <Filter>Source Files\src</Filter>
    </ClCompile>
    <ClCompile Include="..\blend2d\blend2d\src\blend2d\pipegen\fetchgradientpart.cpp">
      <Filter>Source Files\src</Filter>
    </ClCompile>
    <ClCompile Include="..\blend2d\blend2d\src\blend2d\pipegen\fetchpart.cpp">
      <Filter>Source Files\src</Filter>
    </ClCompile>
    <ClCompile Include="..\blend2d\blend2d\src\blend2d\pipegen\fetchpatternpart.cpp">
      <Filter>Source Files\src</Filter>
    </ClCompile>
    <ClCompile Include="..\blend2d\blend2d\src\blend2d\pipegen\fetchpixelptrpart.cpp">
      <Filter>Source Files\src</Filter>
    </ClCompile>
    <ClCompile Include="..\blend2d\blend2d\src\blend2d\pipegen\fetchsolidpart.cpp">
      <Filter>Source Files\src</Filter>
    </ClCompile>
    <ClCompile Include="..\blend2d\blend2d\src\blend2d\pipegen\fetchutils.cpp">
      <Filter>Source Files\src</Filter>
    </ClCompile>
    <ClCompile Include="..\blend2d\blend2d\src\blend2d\pipegen\fillpart.cpp">
      <Filter>Source Files\src</Filter>
    </ClCompile>
    <ClCompile Include="..\blend2d\blend2d\src\blend2d\pipegen\pipecompiler.cpp">
      <Filter>Source Files\src</Filter>
    </ClCompile>
    <ClCompile Include="..\blend2d\blend2d\src\blend2d\pipegen\pipegencore.cpp">
      <Filter>Source Files\src</Filter>
    </ClCompile>
    <ClCompile Include="..\blend2d\blend2d\src\blend2d\pipegen\pipegenruntime.cpp">
      <Filter>Source Files\src</Filter>
    </ClCompile>
    <ClCompile Include="..\blend2d\blend2d\src\blend2d\pipegen\pipepart.cpp">
      <Filter>Source Files\src</Filter>
    </ClCompile>
    <ClCompile Include="..\blend2d\blend2d\src\blend2d\fixedpipe\fixedpiperuntime.cpp">
      <Filter>Source Files\src</Filter>
    </ClCompile>
    <ClCompile Include="..\blend2d\blend2d\src\blend2d\codec\bmpcodec.cpp">
      <Filter>Source Files\src</Filter>
    </ClCompile>
    <ClCompile Include="..\blend2d\blend2d\src\blend2d\codec\deflate.cpp">
      <Filter>Source Files\src</Filter>
    </ClCompile>
    <ClCompile Include="..\blend2d\blend2d\src\blend2d\codec\jpegcodec.cpp">
      <Filter>Source Files\src</Filter>
    </ClCompile>
    <ClCompile Include="..\blend2d\blend2d\src\blend2d\codec\jpeghuffman.cpp">
      <Filter>Source Files\src</Filter>
    </ClCompile>
    <ClCompile Include="..\blend2d\blend2d\src\blend2d\codec\jpegops.cpp">
      <Filter>Source Files\src</Filter>
    </ClCompile>
    <ClCompile Include="..\blend2d\blend2d\src\blend2d\codec\pngcodec.cpp">
      <Filter>Source Files\src</Filter>
    </ClCompile>
    <ClCompile Include="..\blend2d\blend2d\src\blend2d\codec\pngops.cpp">
      <Filter>Source Files\src</Filter>
    </ClCompile>
    <ClCompile Include="..\blend2d\blend2d\src\blend2d\string1.cpp">
      <Filter>Source Files\src</Filter>
    </ClCompile>
    <ClCompile Include="..\blend2d\blend2d\src\blend2d\opentype\otcff.cpp">
      <Filter>Source Files\src</Filter>
    </ClCompile>
    <ClCompile Include="..\blend2d\blend2d\src\blend2d\opentype\otcmap.cpp">
      <Filter>Source Files\src</Filter>
    </ClCompile>
    <ClCompile Include="..\blend2d\blend2d\src\blend2d\opentype\otcore.cpp">
      <Filter>Source Files\src</Filter>
    </ClCompile>
    <ClCompile Include="..\blend2d\blend2d\src\blend2d\opentype\otface.cpp">
      <Filter>Source Files\src</Filter>
    </ClCompile>
    <ClCompile Include="..\blend2d\blend2d\src\blend2d\opentype\otglyf.cpp">
      <Filter>Source Files\src</Filter>
    </ClCompile>
    <ClCompile Include="..\blend2d\blend2d\src\blend2d\opentype\otkern.cpp">
      <Filter>Source Files\src</Filter>
    </ClCompile>
    <ClCompile Include="..\blend2d\blend2d\src\blend2d\opentype\otlayout.cpp">
      <Filter>Source Files\src</Filter>
    </ClCompile>
    <ClCompile Include="..\blend2d\blend2d\src\blend2d\opentype\otmetrics.cpp">
      <Filter>Source Files\src</Filter>
    </ClCompile>
    <ClCompile Include="..\blend2d\blend2d\src\blend2d\opentype\otname.cpp">
      <Filter>Source Files\src</Filter>
    </ClCompile>
    <ClCompile Include="..\blend2d\blend2d\src\blend2d\zonehash1.cpp">
      <Filter>Source Files\src</Filter>
    </ClCompile>
    <ClCompile Include="..\blend2d\blend2d\src\blend2d\zonelist1.cpp">
      <Filter>Source Files\src</Filter>
    </ClCompile>
  </ItemGroup>
  <ItemGroup>
    <ClInclude Include="trinterp.hpp">
      <Filter>Header Files</Filter>
    </ClInclude>
  </ItemGroup>
</Project>